
Microsoft Visual Studio Solution File, Format Version 12.00
Project("{FAE04EC0-301F-11D3-BF4B-00C04F79EFBC}") = "group-split.ServiceDefaults", "group-split.ServiceDefaults\group-split.ServiceDefaults.csproj", "{1E334123-49E5-49C4-9EC1-000AF1E7E464}"
EndProject
Project("{FAE04EC0-301F-11D3-BF4B-00C04F79EFBC}") = "group-split.AppHost", "group-split.AppHost\group-split.AppHost.csproj", "{6BE5E200-16A1-4270-A3B0-153E60C61646}"
EndProject
Global
	GlobalSection(SolutionConfigurationPlatforms) = preSolution
		Debug|Any CPU = Debug|Any CPU
		Release|Any CPU = Release|Any CPU
	EndGlobalSection
	GlobalSection(ProjectConfigurationPlatforms) = postSolution
		{1E334123-49E5-49C4-9EC1-000AF1E7E464}.Debug|Any CPU.ActiveCfg = Debug|Any CPU
		{1E334123-49E5-49C4-9EC1-000AF1E7E464}.Debug|Any CPU.Build.0 = Debug|Any CPU
		{1E334123-49E5-49C4-9EC1-000AF1E7E464}.Release|Any CPU.ActiveCfg = Release|Any CPU
		{1E334123-49E5-49C4-9EC1-000AF1E7E464}.Release|Any CPU.Build.0 = Release|Any CPU
		{6BE5E200-16A1-4270-A3B0-153E60C61646}.Debug|Any CPU.ActiveCfg = Debug|Any CPU
		{6BE5E200-16A1-4270-A3B0-153E60C61646}.Debug|Any CPU.Build.0 = Debug|Any CPU
		{6BE5E200-16A1-4270-A3B0-153E60C61646}.Release|Any CPU.ActiveCfg = Release|Any CPU
		{6BE5E200-16A1-4270-A3B0-153E60C61646}.Release|Any CPU.Build.0 = Release|Any CPU
	EndGlobalSection
EndGlobal
