
Microsoft Visual Studio Solution File, Format Version 12.00
Project("{FAE04EC0-301F-11D3-BF4B-00C04F79EFBC}") = "GroupSplit.ServiceDefaults", "GroupSplit.ServiceDefaults\GroupSplit.ServiceDefaults.csproj", "{1E334123-49E5-49C4-9EC1-000AF1E7E464}"
EndProject
Project("{FAE04EC0-301F-11D3-BF4B-00C04F79EFBC}") = "GroupSplit.AppHost", "GroupSplit.AppHost\GroupSplit.AppHost.csproj", "{6BE5E200-16A1-4270-A3B0-153E60C61646}"
EndProject
Project("{FAE04EC0-301F-11D3-BF4B-00C04F79EFBC}") = "GroupSplit.API", "GroupSplit.API\GroupSplit.API.csproj", "{6E379F9E-E649-44FA-8A1F-F08EA11EA6BF}"
EndProject
Project("{2150E333-8FDC-42A3-9474-1A3956D46DE8}") = "Data", "Data", "{F6F12F20-A153-4F18-8568-D7F7E04E80D4}"
EndProject
Project("{FAE04EC0-301F-11D3-BF4B-00C04F79EFBC}") = "GroupSplit.Data", "GroupSplit.Data\GroupSplit.Data.csproj", "{8D8C8C84-929E-42A8-B6C3-9810C19FEA3E}"
EndProject
Project("{FAE04EC0-301F-11D3-BF4B-00C04F79EFBC}") = "GroupSplit.Data.Migrations.PostgreSQL", "GroupSplit.Data.Migrations.PostgreSQL\GroupSplit.Data.Migrations.PostgreSQL.csproj", "{D2475000-B74C-43B6-8D8C-AD12AE4C920B}"
EndProject
Project("{FAE04EC0-301F-11D3-BF4B-00C04F79EFBC}") = "GroupSplit.Web", "GroupSplit.Web\GroupSplit.Web.csproj", "{80672012-B99B-486E-B5C2-8C78049C336C}"
EndProject
Project("{FAE04EC0-301F-11D3-BF4B-00C04F79EFBC}") = "GroupSplit.Identity", "GroupSplit.Identity\GroupSplit.Identity.csproj", "{E4F208DA-1E7D-4F73-A875-CB3059E2C0CC}"
EndProject
Project("{2150E333-8FDC-42A3-9474-1A3956D46DE8}") = "Identity", "Identity", "{711D6BA9-2B9A-4539-88E2-A4E28F66CDF7}"
EndProject
Project("{FAE04EC0-301F-11D3-BF4B-00C04F79EFBC}") = "GroupSplit.Identity.Migrations.PostgreSQL", "GroupSplit.Identity.Migrations.PostgreSQL\GroupSplit.Identity.Migrations.PostgreSQL.csproj", "{3028069A-1670-4211-B892-6DFBA3E2CFF2}"
EndProject
Global
	GlobalSection(SolutionConfigurationPlatforms) = preSolution
		Debug|Any CPU = Debug|Any CPU
		Release|Any CPU = Release|Any CPU
	EndGlobalSection
	GlobalSection(ProjectConfigurationPlatforms) = postSolution
		{1E334123-49E5-49C4-9EC1-000AF1E7E464}.Debug|Any CPU.ActiveCfg = Debug|Any CPU
		{1E334123-49E5-49C4-9EC1-000AF1E7E464}.Debug|Any CPU.Build.0 = Debug|Any CPU
		{1E334123-49E5-49C4-9EC1-000AF1E7E464}.Release|Any CPU.ActiveCfg = Release|Any CPU
		{1E334123-49E5-49C4-9EC1-000AF1E7E464}.Release|Any CPU.Build.0 = Release|Any CPU
		{6BE5E200-16A1-4270-A3B0-153E60C61646}.Debug|Any CPU.ActiveCfg = Debug|Any CPU
		{6BE5E200-16A1-4270-A3B0-153E60C61646}.Debug|Any CPU.Build.0 = Debug|Any CPU
		{6BE5E200-16A1-4270-A3B0-153E60C61646}.Release|Any CPU.ActiveCfg = Release|Any CPU
		{6BE5E200-16A1-4270-A3B0-153E60C61646}.Release|Any CPU.Build.0 = Release|Any CPU
		{6E379F9E-E649-44FA-8A1F-F08EA11EA6BF}.Debug|Any CPU.ActiveCfg = Debug|Any CPU
		{6E379F9E-E649-44FA-8A1F-F08EA11EA6BF}.Debug|Any CPU.Build.0 = Debug|Any CPU
		{6E379F9E-E649-44FA-8A1F-F08EA11EA6BF}.Release|Any CPU.ActiveCfg = Release|Any CPU
		{6E379F9E-E649-44FA-8A1F-F08EA11EA6BF}.Release|Any CPU.Build.0 = Release|Any CPU
		{80672012-B99B-486E-B5C2-8C78049C336C}.Debug|Any CPU.ActiveCfg = Debug|Any CPU
		{80672012-B99B-486E-B5C2-8C78049C336C}.Debug|Any CPU.Build.0 = Debug|Any CPU
		{80672012-B99B-486E-B5C2-8C78049C336C}.Release|Any CPU.ActiveCfg = Release|Any CPU
		{80672012-B99B-486E-B5C2-8C78049C336C}.Release|Any CPU.Build.0 = Release|Any CPU
		{8D8C8C84-929E-42A8-B6C3-9810C19FEA3E}.Debug|Any CPU.ActiveCfg = Debug|Any CPU
		{8D8C8C84-929E-42A8-B6C3-9810C19FEA3E}.Debug|Any CPU.Build.0 = Debug|Any CPU
		{8D8C8C84-929E-42A8-B6C3-9810C19FEA3E}.Release|Any CPU.ActiveCfg = Release|Any CPU
		{8D8C8C84-929E-42A8-B6C3-9810C19FEA3E}.Release|Any CPU.Build.0 = Release|Any CPU
		{D2475000-B74C-43B6-8D8C-AD12AE4C920B}.Debug|Any CPU.ActiveCfg = Debug|Any CPU
		{D2475000-B74C-43B6-8D8C-AD12AE4C920B}.Debug|Any CPU.Build.0 = Debug|Any CPU
		{D2475000-B74C-43B6-8D8C-AD12AE4C920B}.Release|Any CPU.ActiveCfg = Release|Any CPU
		{D2475000-B74C-43B6-8D8C-AD12AE4C920B}.Release|Any CPU.Build.0 = Release|Any CPU
		{E4F208DA-1E7D-4F73-A875-CB3059E2C0CC}.Debug|Any CPU.ActiveCfg = Debug|Any CPU
		{E4F208DA-1E7D-4F73-A875-CB3059E2C0CC}.Debug|Any CPU.Build.0 = Debug|Any CPU
		{E4F208DA-1E7D-4F73-A875-CB3059E2C0CC}.Release|Any CPU.ActiveCfg = Release|Any CPU
		{E4F208DA-1E7D-4F73-A875-CB3059E2C0CC}.Release|Any CPU.Build.0 = Release|Any CPU
		{3028069A-1670-4211-B892-6DFBA3E2CFF2}.Debug|Any CPU.ActiveCfg = Debug|Any CPU
		{3028069A-1670-4211-B892-6DFBA3E2CFF2}.Debug|Any CPU.Build.0 = Debug|Any CPU
		{3028069A-1670-4211-B892-6DFBA3E2CFF2}.Release|Any CPU.ActiveCfg = Release|Any CPU
		{3028069A-1670-4211-B892-6DFBA3E2CFF2}.Release|Any CPU.Build.0 = Release|Any CPU
	EndGlobalSection
	GlobalSection(NestedProjects) = preSolution
		{8D8C8C84-929E-42A8-B6C3-9810C19FEA3E} = {F6F12F20-A153-4F18-8568-D7F7E04E80D4}
		{D2475000-B74C-43B6-8D8C-AD12AE4C920B} = {F6F12F20-A153-4F18-8568-D7F7E04E80D4}
		{E4F208DA-1E7D-4F73-A875-CB3059E2C0CC} = {711D6BA9-2B9A-4539-88E2-A4E28F66CDF7}
		{3028069A-1670-4211-B892-6DFBA3E2CFF2} = {711D6BA9-2B9A-4539-88E2-A4E28F66CDF7}
	EndGlobalSection
EndGlobal
